
Microsoft Visual Studio Solution File, Format Version 12.00
# Visual Studio Version 17
VisualStudioVersion = 17.8.34408.163
MinimumVisualStudioVersion = 10.0.40219.1
Project("{FAE04EC0-301F-11D3-BF4B-00C04F79EFBC}") = "App.LMS", "App.LMS\App.LMS.csproj", "{6CAFCAE0-783F-4AA8-B517-59C3548FE385}"
EndProject
Project("{FAE04EC0-301F-11D3-BF4B-00C04F79EFBC}") = "Library.LMS", "Library.LMS\Library.LMS.csproj", "{8FDD63C5-9825-487C-A53F-AC3C4E2967A8}"
EndProject
Global
	GlobalSection(SolutionConfigurationPlatforms) = preSolution
		Debug|Any CPU = Debug|Any CPU
		Release|Any CPU = Release|Any CPU
	EndGlobalSection
	GlobalSection(ProjectConfigurationPlatforms) = postSolution
		{6CAFCAE0-783F-4AA8-B517-59C3548FE385}.Debug|Any CPU.ActiveCfg = Debug|Any CPU
		{6CAFCAE0-783F-4AA8-B517-59C3548FE385}.Debug|Any CPU.Build.0 = Debug|Any CPU
		{6CAFCAE0-783F-4AA8-B517-59C3548FE385}.Release|Any CPU.ActiveCfg = Release|Any CPU
		{6CAFCAE0-783F-4AA8-B517-59C3548FE385}.Release|Any CPU.Build.0 = Release|Any CPU
		{8FDD63C5-9825-487C-A53F-AC3C4E2967A8}.Debug|Any CPU.ActiveCfg = Debug|Any CPU
		{8FDD63C5-9825-487C-A53F-AC3C4E2967A8}.Debug|Any CPU.Build.0 = Debug|Any CPU
		{8FDD63C5-9825-487C-A53F-AC3C4E2967A8}.Release|Any CPU.ActiveCfg = Release|Any CPU
		{8FDD63C5-9825-487C-A53F-AC3C4E2967A8}.Release|Any CPU.Build.0 = Release|Any CPU
	EndGlobalSection
	GlobalSection(SolutionProperties) = preSolution
		HideSolutionNode = FALSE
	EndGlobalSection
	GlobalSection(ExtensibilityGlobals) = postSolution
		SolutionGuid = {9B508A49-46C2-4DB0-8E80-9C35A54EF4AF}
	EndGlobalSection
EndGlobal
